
Microsoft Visual Studio Solution File, Format Version 12.00
# Visual Studio Version 17
VisualStudioVersion = 17.8.34511.84
MinimumVisualStudioVersion = 10.0.40219.1
Project("{8BC9CEB8-8B4A-11D0-8D11-00A0C91BC942}") = "模拟实现vector", "模拟实现vector\模拟实现vector.vcxproj", "{B0736CB7-4A7B-45AD-AD20-45B37854479B}"
EndProject
Global
	GlobalSection(SolutionConfigurationPlatforms) = preSolution
		Debug|x64 = Debug|x64
		Debug|x86 = Debug|x86
		Release|x64 = Release|x64
		Release|x86 = Release|x86
	EndGlobalSection
	GlobalSection(ProjectConfigurationPlatforms) = postSolution
		{B0736CB7-4A7B-45AD-AD20-45B37854479B}.Debug|x64.ActiveCfg = Debug|x64
		{B0736CB7-4A7B-45AD-AD20-45B37854479B}.Debug|x64.Build.0 = Debug|x64
		{B0736CB7-4A7B-45AD-AD20-45B37854479B}.Debug|x86.ActiveCfg = Debug|Win32
		{B0736CB7-4A7B-45AD-AD20-45B37854479B}.Debug|x86.Build.0 = Debug|Win32
		{B0736CB7-4A7B-45AD-AD20-45B37854479B}.Release|x64.ActiveCfg = Release|x64
		{B0736CB7-4A7B-45AD-AD20-45B37854479B}.Release|x64.Build.0 = Release|x64
		{B0736CB7-4A7B-45AD-AD20-45B37854479B}.Release|x86.ActiveCfg = Release|Win32
		{B0736CB7-4A7B-45AD-AD20-45B37854479B}.Release|x86.Build.0 = Release|Win32
	EndGlobalSection
	GlobalSection(SolutionProperties) = preSolution
		HideSolutionNode = FALSE
	EndGlobalSection
	GlobalSection(ExtensibilityGlobals) = postSolution
		SolutionGuid = {4ACDB1E3-A690-4F19-A93C-68782BC36C7E}
	EndGlobalSection
EndGlobal
